
Microsoft Visual Studio Solution File, Format Version 12.00
# Visual Studio Version 17
VisualStudioVersion = 17.14.36414.22 d17.14
MinimumVisualStudioVersion = 10.0.40219.1
Project("{8BC9CEB8-8B4A-11D0-8D11-00A0C91BC942}") = "LexicalPerm", "LexicalPerm.vcxproj", "{36AF354E-256E-4002-BFDF-C5EAF0041407}"
EndProject
Global
	GlobalSection(SolutionConfigurationPlatforms) = preSolution
		Debug|x64 = Debug|x64
		Debug|x86 = Debug|x86
		Release|x64 = Release|x64
		Release|x86 = Release|x86
	EndGlobalSection
	GlobalSection(ProjectConfigurationPlatforms) = postSolution
		{36AF354E-256E-4002-BFDF-C5EAF0041407}.Debug|x64.ActiveCfg = Debug|x64
		{36AF354E-256E-4002-BFDF-C5EAF0041407}.Debug|x64.Build.0 = Debug|x64
		{36AF354E-256E-4002-BFDF-C5EAF0041407}.Debug|x86.ActiveCfg = Debug|Win32
		{36AF354E-256E-4002-BFDF-C5EAF0041407}.Debug|x86.Build.0 = Debug|Win32
		{36AF354E-256E-4002-BFDF-C5EAF0041407}.Release|x64.ActiveCfg = Release|x64
		{36AF354E-256E-4002-BFDF-C5EAF0041407}.Release|x64.Build.0 = Release|x64
		{36AF354E-256E-4002-BFDF-C5EAF0041407}.Release|x86.ActiveCfg = Release|Win32
		{36AF354E-256E-4002-BFDF-C5EAF0041407}.Release|x86.Build.0 = Release|Win32
	EndGlobalSection
	GlobalSection(SolutionProperties) = preSolution
		HideSolutionNode = FALSE
	EndGlobalSection
	GlobalSection(ExtensibilityGlobals) = postSolution
		SolutionGuid = {1A25F228-8EED-462D-9681-D81194F90F87}
	EndGlobalSection
EndGlobal
